
Microsoft Visual Studio Solution File, Format Version 12.00
# Visual Studio Version 17
VisualStudioVersion = 17.4.33403.182
MinimumVisualStudioVersion = 10.0.40219.1
Project("{FAE04EC0-301F-11D3-BF4B-00C04F79EFBC}") = "WebApplication1", "WebApplication1\WebApplication1.csproj", "{CF522F8E-B331-49A2-A085-C7ED60A707F2}"
EndProject
Global
	GlobalSection(SolutionConfigurationPlatforms) = preSolution
		Debug|Any CPU = Debug|Any CPU
		Release|Any CPU = Release|Any CPU
	EndGlobalSection
	GlobalSection(ProjectConfigurationPlatforms) = postSolution
		{CF522F8E-B331-49A2-A085-C7ED60A707F2}.Debug|Any CPU.ActiveCfg = Debug|Any CPU
		{CF522F8E-B331-49A2-A085-C7ED60A707F2}.Debug|Any CPU.Build.0 = Debug|Any CPU
		{CF522F8E-B331-49A2-A085-C7ED60A707F2}.Release|Any CPU.ActiveCfg = Release|Any CPU
		{CF522F8E-B331-49A2-A085-C7ED60A707F2}.Release|Any CPU.Build.0 = Release|Any CPU
	EndGlobalSection
	GlobalSection(SolutionProperties) = preSolution
		HideSolutionNode = FALSE
	EndGlobalSection
	GlobalSection(ExtensibilityGlobals) = postSolution
		SolutionGuid = {377DD436-F2F0-49E3-80BA-3FDA7B0F61F5}
	EndGlobalSection
EndGlobal
